PODS:
  - Charts (4.1.0):
    - Charts/Core (= 4.1.0)
  - Charts/Core (4.1.0):
    - SwiftAlgorithms (~> 1.0)
  - CocoaLumberjack (3.9.0):
    - CocoaLumberjack/Core (= 3.9.0)
  - CocoaLumberjack/Core (3.9.0)
  - Cuckoo (2.1.1):
    - Cuckoo/Swift (= 2.1.1)
  - Cuckoo/Swift (2.1.1)
  - FearlessKeys (0.1.5)
  - FireMock (3.1)
  - IdensicMobileSDK (1.35.0)
  - JOSESwift (3.0.0)
  - Kingfisher (7.10.2)
  - MediaView (0.2.0)
  - PayWingsKycSDK (1.0.7.1)
  - PayWingsOAuthSDK (2.0.6.3):
    - JOSESwift (= 3.0.0)
    - RecaptchaEnterprise (= 18.7.0)
  - R.swift (6.1.0):
    - R.swift.Library (~> 5.3.0)
  - R.swift.Library (5.3.0)
  - ReachabilitySwift (5.2.4)
  - RecaptchaEnterprise (18.7.0):
    - RecaptchaEnterpriseSDK (= 18.7.0)
    - RecaptchaInterop (~> 101.0.0)
  - RecaptchaEnterpriseSDK (18.7.0)
  - RecaptchaInterop (101.0.0)
  - SCard (1.8.3):
    - IdensicMobileSDK
    - PayWingsKycSDK (= 1.0.7.1)
    - PayWingsOAuthSDK (= 2.0.6.3)
    - R.swift (~> 6.1.0)
    - SnapKit
    - SoraUIKit
  - SnapKit (5.0.1)
  - SoraFoundation (1.0.0):
    - SoraFoundation/DateProcessing (= 1.0.0)
    - SoraFoundation/Localization (= 1.0.0)
    - SoraFoundation/NotificationHandlers (= 1.0.0)
    - SoraFoundation/NumberProcessing (= 1.0.0)
    - SoraFoundation/QueryProcessing (= 1.0.0)
    - SoraFoundation/Timer (= 1.0.0)
    - SoraFoundation/ViewModel (= 1.0.0)
  - SoraFoundation/DateProcessing (1.0.0):
    - SoraFoundation/Localization
  - SoraFoundation/Localization (1.0.0):
    - SoraKeystore (~> 1.0.0)
  - SoraFoundation/NotificationHandlers (1.0.0)
  - SoraFoundation/NumberProcessing (1.0.0)
  - SoraFoundation/QueryProcessing (1.0.0)
  - SoraFoundation/Timer (1.0.0):
    - SoraFoundation/NotificationHandlers
  - SoraFoundation/ViewModel (1.0.0)
  - SoraKeystore (1.0.1)
  - SoraUI (1.10.3):
    - SoraUI/AdaptiveDesign (= 1.10.3)
    - SoraUI/Animator (= 1.10.3)
    - SoraUI/Camera (= 1.10.3)
    - SoraUI/Controls (= 1.10.3)
    - SoraUI/DetailsView (= 1.10.3)
    - SoraUI/EmptyState (= 1.10.3)
    - SoraUI/Helpers (= 1.10.3)
    - SoraUI/LoadingView (= 1.10.3)
    - SoraUI/ModalPresentation (= 1.10.3)
    - SoraUI/PageLoader (= 1.10.3)
    - SoraUI/PinView (= 1.10.3)
    - SoraUI/Skrull (= 1.10.3)
  - SoraUI/AdaptiveDesign (1.10.3)
  - SoraUI/Animator (1.10.3)
  - SoraUI/Camera (1.10.3)
  - SoraUI/Controls (1.10.3):
    - SoraUI/Animator
  - SoraUI/DetailsView (1.10.3):
    - SoraUI/Controls
  - SoraUI/EmptyState (1.10.3):
    - SoraUI/Animator
  - SoraUI/Helpers (1.10.3)
  - SoraUI/LoadingView (1.10.3):
    - SoraUI/Controls
  - SoraUI/ModalPresentation (1.10.3):
    - SoraUI/Animator
    - SoraUI/Controls
  - SoraUI/PageLoader (1.10.3)
  - SoraUI/PinView (1.10.3):
    - SoraUI/Controls
  - SoraUI/Skrull (1.10.3)
  - SoraUIKit (1.1.13)
  - Sourcery (1.9.2):
    - Sourcery/CLI-Only (= 1.9.2)
  - Sourcery/CLI-Only (1.9.2)
  - SVGKit (3.0.0):
    - CocoaLumberjack (~> 3.0)
  - SwiftAlgorithms (1.0.0)
  - SwiftFormat/CLI (0.47.13)
  - SwiftLint (0.59.1)
  - SwiftyBeaver (2.1.1)

DEPENDENCIES:
  - Charts (~> 4.1.0)
  - Cuckoo
  - FearlessKeys (= 0.1.5)
  - FireMock
  - "IdensicMobileSDK (from `{:http=>\"https://github.com/paywings/PayWingsOnboardingKycSDK-iOS-IdensicMobile/archive/v2.2.9.tar.gz\"}`)"
  - Kingfisher (= 7.10.2)
  - MediaView (from `https://github.com/bnsports/MediaView.git`, branch `dev`)
  - R.swift (= 6.1.0)
  - ReachabilitySwift
  - SCard (from `https://github.com/sora-xor/sora-card-ios`, tag `1.8.3`)
  - SnapKit (~> 5.0.0)
  - SoraFoundation (~> 1.0.0)
  - SoraKeystore (from `https://github.com/soramitsu/keystore-iOS.git`, tag `1.0.1`)
  - SoraUI (~> 1.10.3)
  - SoraUIKit (from `https://github.com/soramitsu/ios-ui`, tag `1.1.13`)
  - Sourcery (~> 1.4)
  - SVGKit
  - SwiftFormat/CLI (~> 0.47.13)
  - SwiftLint
  - SwiftyBeaver

SPEC REPOS:
  https://github.com/CocoaPods/Specs.git:
    - Charts
    - CocoaLumberjack
    - Cuckoo
    - FireMock
    - JOSESwift
    - Kingfisher
    - PayWingsKycSDK
    - PayWingsOAuthSDK
    - R.swift
    - R.swift.Library
    - ReachabilitySwift
    - RecaptchaEnterprise
    - RecaptchaEnterpriseSDK
    - RecaptchaInterop
    - SnapKit
    - SoraFoundation
    - SoraUI
    - Sourcery
    - SVGKit
    - SwiftAlgorithms
    - SwiftFormat
    - SwiftLint
    - SwiftyBeaver
  https://github.com/soramitsu/SSFSpecs.git:
    - FearlessKeys

EXTERNAL SOURCES:
  IdensicMobileSDK:
    :http: https://github.com/paywings/PayWingsOnboardingKycSDK-iOS-IdensicMobile/archive/v2.2.9.tar.gz
  MediaView:
    :branch: dev
    :git: https://github.com/bnsports/MediaView.git
  SCard:
    :git: https://github.com/sora-xor/sora-card-ios
    :tag: 1.8.3
  SoraKeystore:
    :git: https://github.com/soramitsu/keystore-iOS.git
    :tag: 1.0.1
  SoraUIKit:
    :git: https://github.com/soramitsu/ios-ui
    :tag: 1.1.13

CHECKOUT OPTIONS:
  IdensicMobileSDK:
    :http: https://github.com/paywings/PayWingsOnboardingKycSDK-iOS-IdensicMobile/archive/v2.2.9.tar.gz
  MediaView:
    :commit: c7b4538a06d4177df1f27419575812e3673a8fee
    :git: https://github.com/bnsports/MediaView.git
  SCard:
    :git: https://github.com/sora-xor/sora-card-ios
    :tag: 1.8.3
  SoraKeystore:
    :git: https://github.com/soramitsu/keystore-iOS.git
    :tag: 1.0.1
  SoraUIKit:
    :git: https://github.com/soramitsu/ios-ui
    :tag: 1.1.13

SPEC CHECKSUMS:
  Charts: ce0768268078eee0336f122c3c4ca248e4e204c5
  CocoaLumberjack: 5644158777912b7de7469fa881f8a3f259c2512a
  Cuckoo: 4fbf31d8e00be78bc3e913f30dbb275bd21e0623
  FearlessKeys: 54697ac7bdb2a16aa4525bed06c8769a351606db
  FireMock: 3eed872059c12f94855413347da83b9d6d1a6fac
  IdensicMobileSDK: f422056d6d82176e695ebe28f699a22468f8bb4d
  JOSESwift: 7784b1b844194d0f534eb6ac4fba5af683bccc79
  Kingfisher: 99edc495d3b7607e6425f0d6f6847b2abd6d716d
  MediaView: 10ff6a5c7950a7c72c5da9e9b89cc85a981e6abc
  PayWingsKycSDK: d2b3c2decc258e8a6f29f165e475076442b3e37b
  PayWingsOAuthSDK: 5a2b25f356e0e9cc07bc078751a1e755d08893a9
  R.swift: ec98ff71c4ab2f6fd01dd077e5afd15e63a4834c
  R.swift.Library: 0fc583cb55a99e28901299cc451614cad1161962
  ReachabilitySwift: 32793e867593cfc1177f5d16491e3a197d2fccda
  RecaptchaEnterprise: a5914ad9db6ff79eaca7258d82ecef6f10009936
  RecaptchaEnterpriseSDK: 5e72d7f19d2f679b68c25071c33b40f817e21149
  RecaptchaInterop: 11e0b637842dfb48308d242afc3f448062325aba
  SCard: eccd377d41fb26ec5734146639e18f15a603e002
  SnapKit: 97b92857e3df3a0c71833cce143274bf6ef8e5eb
  SoraFoundation: 988d90ee3159311b02e42aeba0cf7e85d8bc724c
  SoraKeystore: e1789fe41412606d8a1116b86bd00d46d4cb9ccb
  SoraUI: 1ec71151eb962591eeb898bcdd98bded59745f2d
  SoraUIKit: 847a9a3dd14705ec84ecacdb6e9f937dc73481eb
  Sourcery: 179539341c2261068528cd15a31837b7238fd901
  SVGKit: 1ad7513f8c74d9652f94ed64ddecda1a23864dea
  SwiftAlgorithms: 38dda4731d19027fdeee1125f973111bf3386b53
  SwiftFormat: 73573b89257437c550b03d934889725fbf8f75e5
  SwiftLint: 3d48e2fb2a3468fdaccf049e5e755df22fb40c2c
  SwiftyBeaver: ade157e4f857812e7d7f15f2e3396bb8733f8a1c

PODFILE CHECKSUM: e18f1d181759fafa35448e7203f457f4a7951396

COCOAPODS: 1.16.2
