<?xml version="1.0" encoding="UTF-8"?>
<Scheme
   LastUpgradeVersion = "1600"
   version = "1.7">
   <BuildAction
      parallelizeBuildables = "YES"
      buildImplicitDependencies = "YES">
      <PreActions>
         <ExecutionAction
            ActionType = "Xcode.IDEStandardExecutionActionsCore.ExecutionActionType.ShellScriptAction">
            <ActionContent
               title = "SPM Shared Features Fixes"
               scriptText = "#!/bin/sh
ROOT=&quot;${PROJECT_DIR:-$(pwd)}&quot;
SOURCE_PACKAGES_DIR=&quot;${SOURCE_PACKAGES_DIR:-$ROOT/SourcePackages}&quot; ALLOW_DERIVEDDATA_FALLBACK=1 bash \&quot;$ROOT/scripts/deps/prepare-native-crypto-checkout.sh\&quot; \&quot;$ROOT\&quot; \&quot;${WORKSPACE_PATH:-fearless.xcworkspace}\&quot; \&quot;${SCHEME_NAME:-fearless}\&quot; || true
SSF_SINGLE_VALUE_CACHE_MANUAL_CLASS=0
if [ \&quot;${RUN_DESTINATION_DEVICE_PLATFORM_NAME:-}\&quot; = \&quot;iphonesimulator\&quot; ]; then
  SSF_SINGLE_VALUE_CACHE_MANUAL_CLASS=1
fi
SOURCE_PACKAGES_DIR=&quot;${SOURCE_PACKAGES_DIR:-$ROOT/SourcePackages}&quot; ALLOW_DERIVEDDATA_FALLBACK=1 SSF_SINGLE_VALUE_CACHE_MANUAL_CLASS=&quot;$SSF_SINGLE_VALUE_CACHE_MANUAL_CLASS&quot; bash \&quot;$ROOT/scripts/spm-shared-features-fixes.sh\&quot; \&quot;$ROOT\&quot; || true
SOURCE_PACKAGES_DIR=&quot;${SOURCE_PACKAGES_DIR:-$ROOT/SourcePackages}&quot; ALLOW_DERIVEDDATA_FALLBACK=1 bash \&quot;$ROOT/scripts/deps/apply-tonapi-http-types-contract.sh\&quot; \&quot;$ROOT\&quot; || true
SOURCE_PACKAGES_DIR=&quot;${SOURCE_PACKAGES_DIR:-$ROOT/SourcePackages}&quot; ALLOW_DERIVEDDATA_FALLBACK=1 bash \&quot;$ROOT/scripts/deps/apply-reown-signer-contract.sh\&quot; \&quot;$ROOT\&quot; || true
SOURCE_PACKAGES_DIR=&quot;${SOURCE_PACKAGES_DIR:-$ROOT/SourcePackages}&quot; ALLOW_DERIVEDDATA_FALLBACK=1 bash \&quot;$ROOT/scripts/deps/apply-web3-nio-ssl-contract.sh\&quot; \&quot;$ROOT\&quot; || true
SOURCE_PACKAGES_DIR=&quot;${SOURCE_PACKAGES_DIR:-$ROOT/SourcePackages}&quot; ALLOW_DERIVEDDATA_FALLBACK=1 bash \&quot;$ROOT/scripts/deps/apply-charts-swift6-compat.sh\&quot; \&quot;$ROOT\&quot; || true
SOURCE_PACKAGES_DIR=&quot;${SOURCE_PACKAGES_DIR:-$ROOT/SourcePackages}&quot; ALLOW_DERIVEDDATA_FALLBACK=1 bash \&quot;$ROOT/scripts/deps/apply-svgkit-umbrella-contract.sh\&quot; \&quot;$ROOT\&quot; || true">
            </ActionContent>
         </ExecutionAction>
      </PreActions>
      <BuildActionEntries>
         <BuildActionEntry
            buildForTesting = "YES"
            buildForRunning = "YES"
            buildForProfiling = "YES"
            buildForArchiving = "YES"
            buildForAnalyzing = "YES">
            <BuildableReference
               BuildableIdentifier = "primary"
               BlueprintIdentifier = "849013A724A80984008F705E"
               BuildableName = "fearless.app"
               BlueprintName = "fearless"
               ReferencedContainer = "container:fearless.xcodeproj">
            </BuildableReference>
         </BuildActionEntry>
      </BuildActionEntries>
   </BuildAction>
   <TestAction
      buildConfiguration = "Debug"
      selectedDebuggerIdentifier = "Xcode.DebuggerFoundation.Debugger.LLDB"
      selectedLauncherIdentifier = "Xcode.DebuggerFoundation.Launcher.LLDB"
      shouldUseLaunchSchemeArgsEnv = "YES">
      <Testables>
      </Testables>
   </TestAction>
   <LaunchAction
      buildConfiguration = "Debug"
      selectedDebuggerIdentifier = "Xcode.DebuggerFoundation.Debugger.LLDB"
      selectedLauncherIdentifier = "Xcode.DebuggerFoundation.Launcher.LLDB"
      launchStyle = "0"
      useCustomWorkingDirectory = "NO"
      ignoresPersistentStateOnLaunch = "NO"
      debugDocumentVersioning = "YES"
      debugServiceExtension = "internal"
      allowLocationSimulation = "YES">
      <BuildableProductRunnable
         runnableDebuggingMode = "0">
         <BuildableReference
            BuildableIdentifier = "primary"
            BlueprintIdentifier = "849013A724A80984008F705E"
            BuildableName = "fearless.app"
            BlueprintName = "fearless"
            ReferencedContainer = "container:fearless.xcodeproj">
         </BuildableReference>
      </BuildableProductRunnable>
   </LaunchAction>
   <ProfileAction
      buildConfiguration = "Release"
      shouldUseLaunchSchemeArgsEnv = "YES"
      savedToolIdentifier = ""
      useCustomWorkingDirectory = "NO"
      debugDocumentVersioning = "YES">
      <BuildableProductRunnable
         runnableDebuggingMode = "0">
         <BuildableReference
            BuildableIdentifier = "primary"
            BlueprintIdentifier = "849013A724A80984008F705E"
            BuildableName = "fearless.app"
            BlueprintName = "fearless"
            ReferencedContainer = "container:fearless.xcodeproj">
         </BuildableReference>
      </BuildableProductRunnable>
   </ProfileAction>
   <AnalyzeAction
      buildConfiguration = "Debug">
   </AnalyzeAction>
   <ArchiveAction
      buildConfiguration = "Dev"
      revealArchiveInOrganizer = "YES">
   </ArchiveAction>
</Scheme>
