<?xml version="1.0" encoding="UTF-8"?>
<Scheme LastUpgradeVersion="1500" version="1.7">
  <BuildAction parallelizeBuildables="YES" buildImplicitDependencies="YES">
    <PreActions>
      <ExecutionAction ActionType="Xcode.IDEStandardExecutionActionsCore.ExecutionActionType.ShellScriptAction">
        <ActionContent title="SPM Shared Features Fixes" scriptText="#!/bin/sh
ROOT=&quot;${PROJECT_DIR:-$(pwd)}&quot;
SOURCE_PACKAGES_DIR=&quot;${SOURCE_PACKAGES_DIR:-$ROOT/SourcePackages}&quot; ALLOW_DERIVEDDATA_FALLBACK=1 bash &quot;$ROOT/scripts/deps/prepare-native-crypto-checkout.sh&quot; &quot;$ROOT&quot; &quot;${WORKSPACE_PATH:-fearless.xcworkspace}&quot; &quot;${SCHEME_NAME:-fearless.tests}&quot; || true
SSF_SINGLE_VALUE_CACHE_MANUAL_CLASS=1
SOURCE_PACKAGES_DIR=&quot;${SOURCE_PACKAGES_DIR:-$ROOT/SourcePackages}&quot; ALLOW_DERIVEDDATA_FALLBACK=1 SSF_SINGLE_VALUE_CACHE_MANUAL_CLASS=&quot;$SSF_SINGLE_VALUE_CACHE_MANUAL_CLASS&quot; bash &quot;$ROOT/scripts/spm-shared-features-fixes.sh&quot; &quot;$ROOT&quot; || true
SOURCE_PACKAGES_DIR=&quot;${SOURCE_PACKAGES_DIR:-$ROOT/SourcePackages}&quot; ALLOW_DERIVEDDATA_FALLBACK=1 bash &quot;$ROOT/scripts/deps/apply-tonapi-http-types-contract.sh&quot; &quot;$ROOT&quot; || true
SOURCE_PACKAGES_DIR=&quot;${SOURCE_PACKAGES_DIR:-$ROOT/SourcePackages}&quot; ALLOW_DERIVEDDATA_FALLBACK=1 bash &quot;$ROOT/scripts/deps/apply-reown-signer-contract.sh&quot; &quot;$ROOT&quot; || true
SOURCE_PACKAGES_DIR=&quot;${SOURCE_PACKAGES_DIR:-$ROOT/SourcePackages}&quot; ALLOW_DERIVEDDATA_FALLBACK=1 bash &quot;$ROOT/scripts/deps/apply-web3-nio-ssl-contract.sh&quot; &quot;$ROOT&quot; || true
SOURCE_PACKAGES_DIR=&quot;${SOURCE_PACKAGES_DIR:-$ROOT/SourcePackages}&quot; ALLOW_DERIVEDDATA_FALLBACK=1 bash &quot;$ROOT/scripts/deps/apply-charts-swift6-compat.sh&quot; &quot;$ROOT&quot; || true
SOURCE_PACKAGES_DIR=&quot;${SOURCE_PACKAGES_DIR:-$ROOT/SourcePackages}&quot; ALLOW_DERIVEDDATA_FALLBACK=1 bash &quot;$ROOT/scripts/deps/apply-svgkit-umbrella-contract.sh&quot; &quot;$ROOT&quot; || true">
        </ActionContent>
      </ExecutionAction>
    </PreActions>
    <BuildActionEntries>
      <BuildActionEntry buildForTesting="YES" buildForRunning="YES" buildForProfiling="YES" buildForArchiving="YES" buildForAnalyzing="YES">
        <BuildableReference
          BuildableIdentifier="primary"
          BlueprintIdentifier="849013A724A80984008F705E"
          BuildableName="fearless.app"
          BlueprintName="fearless"
          ReferencedContainer="container:fearless.xcodeproj"/>
      </BuildActionEntry>
      <BuildActionEntry buildForTesting="YES" buildForRunning="NO" buildForProfiling="NO" buildForArchiving="NO" buildForAnalyzing="NO">
        <BuildableReference
          BuildableIdentifier="primary"
          BlueprintIdentifier="849013BD24A80986008F705E"
          BuildableName="fearlessTests.xctest"
          BlueprintName="fearlessTests"
          ReferencedContainer="container:fearless.xcodeproj"/>
      </BuildActionEntry>
      <BuildActionEntry buildForTesting="YES" buildForRunning="NO" buildForProfiling="NO" buildForArchiving="NO" buildForAnalyzing="NO">
        <BuildableReference
          BuildableIdentifier="primary"
          BlueprintIdentifier="8438E1CE24BFAAD2001BDB13"
          BuildableName="fearlessIntegrationTests.xctest"
          BlueprintName="fearlessIntegrationTests"
          ReferencedContainer="container:fearless.xcodeproj"/>
      </BuildActionEntry>
    </BuildActionEntries>
  </BuildAction>
  <TestAction buildConfiguration="Debug" selectedLauncherIdentifier="Xcode.DebuggerFoundation.Launcher.LLDB" shouldUseLaunchSchemeArgsEnv="YES">
    <PreActions>
      <ExecutionAction ActionType="Xcode.IDEStandardExecutionActionsCore.ExecutionActionType.ShellScriptAction">
        <ActionContent title="SPM Shared Features Fixes" scriptText="#!/bin/sh
ROOT=&quot;${PROJECT_DIR:-$(pwd)}&quot;
SOURCE_PACKAGES_DIR=&quot;${SOURCE_PACKAGES_DIR:-$ROOT/SourcePackages}&quot; ALLOW_DERIVEDDATA_FALLBACK=1 bash &quot;$ROOT/scripts/deps/prepare-native-crypto-checkout.sh&quot; &quot;$ROOT&quot; &quot;${WORKSPACE_PATH:-fearless.xcworkspace}&quot; &quot;${SCHEME_NAME:-fearless.tests}&quot; || true
SSF_SINGLE_VALUE_CACHE_MANUAL_CLASS=1
SOURCE_PACKAGES_DIR=&quot;${SOURCE_PACKAGES_DIR:-$ROOT/SourcePackages}&quot; ALLOW_DERIVEDDATA_FALLBACK=1 SSF_SINGLE_VALUE_CACHE_MANUAL_CLASS=&quot;$SSF_SINGLE_VALUE_CACHE_MANUAL_CLASS&quot; bash &quot;$ROOT/scripts/spm-shared-features-fixes.sh&quot; &quot;$ROOT&quot; || true
SOURCE_PACKAGES_DIR=&quot;${SOURCE_PACKAGES_DIR:-$ROOT/SourcePackages}&quot; ALLOW_DERIVEDDATA_FALLBACK=1 bash &quot;$ROOT/scripts/deps/apply-tonapi-http-types-contract.sh&quot; &quot;$ROOT&quot; || true
SOURCE_PACKAGES_DIR=&quot;${SOURCE_PACKAGES_DIR:-$ROOT/SourcePackages}&quot; ALLOW_DERIVEDDATA_FALLBACK=1 bash &quot;$ROOT/scripts/deps/apply-reown-signer-contract.sh&quot; &quot;$ROOT&quot; || true
SOURCE_PACKAGES_DIR=&quot;${SOURCE_PACKAGES_DIR:-$ROOT/SourcePackages}&quot; ALLOW_DERIVEDDATA_FALLBACK=1 bash &quot;$ROOT/scripts/deps/apply-web3-nio-ssl-contract.sh&quot; &quot;$ROOT&quot; || true
SOURCE_PACKAGES_DIR=&quot;${SOURCE_PACKAGES_DIR:-$ROOT/SourcePackages}&quot; ALLOW_DERIVEDDATA_FALLBACK=1 bash &quot;$ROOT/scripts/deps/apply-charts-swift6-compat.sh&quot; &quot;$ROOT&quot; || true
SOURCE_PACKAGES_DIR=&quot;${SOURCE_PACKAGES_DIR:-$ROOT/SourcePackages}&quot; ALLOW_DERIVEDDATA_FALLBACK=1 bash &quot;$ROOT/scripts/deps/apply-svgkit-umbrella-contract.sh&quot; &quot;$ROOT&quot; || true">
        </ActionContent>
      </ExecutionAction>
    </PreActions>
    <Testables>
      <TestableReference skipped="NO">
        <BuildableReference
          BuildableIdentifier="primary"
          BlueprintIdentifier="849013BD24A80986008F705E"
          BuildableName="fearlessTests.xctest"
          BlueprintName="fearlessTests"
          ReferencedContainer="container:fearless.xcodeproj"/>
      </TestableReference>
      <TestableReference skipped="NO">
        <BuildableReference
          BuildableIdentifier="primary"
          BlueprintIdentifier="8438E1CE24BFAAD2001BDB13"
          BuildableName="fearlessIntegrationTests.xctest"
          BlueprintName="fearlessIntegrationTests"
          ReferencedContainer="container:fearless.xcodeproj"/>
      </TestableReference>
    </Testables>
  </TestAction>
  <LaunchAction buildConfiguration="Debug" selectedLauncherIdentifier="Xcode.DebuggerFoundation.Launcher.LLDB"/>
  <ProfileAction buildConfiguration="Release"/>
  <AnalyzeAction buildConfiguration="Debug"/>
  <ArchiveAction buildConfiguration="Release"/>
</Scheme>
