<?xml version="1.0" encoding="UTF-8"?>
<Scheme LastUpgradeVersion="1500" version="1.7">
  <BuildAction parallelizeBuildables="YES" buildImplicitDependencies="YES">
    <BuildActionEntries>
      <BuildActionEntry buildForTesting="YES" buildForRunning="YES" buildForProfiling="YES" buildForArchiving="YES" buildForAnalyzing="YES">
        <BuildableReference
          BuildableIdentifier="primary"
          BlueprintIdentifier="849013A724A80984008F705E"
          BuildableName="fearless.app"
          BlueprintName="fearless"
          ReferencedContainer="container:fearless.xcodeproj"/>
      </BuildActionEntry>
      <BuildActionEntry buildForTesting="YES" buildForRunning="NO" buildForProfiling="NO" buildForArchiving="NO" buildForAnalyzing="NO">
        <BuildableReference
          BuildableIdentifier="primary"
          BlueprintIdentifier="849013BD24A80986008F705E"
          BuildableName="fearlessTests.xctest"
          BlueprintName="fearlessTests"
          ReferencedContainer="container:fearless.xcodeproj"/>
      </BuildActionEntry>
      <BuildActionEntry buildForTesting="YES" buildForRunning="NO" buildForProfiling="NO" buildForArchiving="NO" buildForAnalyzing="NO">
        <BuildableReference
          BuildableIdentifier="primary"
          BlueprintIdentifier="8438E1CE24BFAAD2001BDB13"
          BuildableName="fearlessIntegrationTests.xctest"
          BlueprintName="fearlessIntegrationTests"
          ReferencedContainer="container:fearless.xcodeproj"/>
      </BuildActionEntry>
    </BuildActionEntries>
  </BuildAction>
  <TestAction buildConfiguration="Debug" selectedLauncherIdentifier="Xcode.DebuggerFoundation.Launcher.LLDB" shouldUseLaunchSchemeArgsEnv="YES">
    <Testables>
      <TestableReference skipped="NO">
        <BuildableReference
          BuildableIdentifier="primary"
          BlueprintIdentifier="849013BD24A80986008F705E"
          BuildableName="fearlessTests.xctest"
          BlueprintName="fearlessTests"
          ReferencedContainer="container:fearless.xcodeproj"/>
      </TestableReference>
      <TestableReference skipped="NO">
        <BuildableReference
          BuildableIdentifier="primary"
          BlueprintIdentifier="8438E1CE24BFAAD2001BDB13"
          BuildableName="fearlessIntegrationTests.xctest"
          BlueprintName="fearlessIntegrationTests"
          ReferencedContainer="container:fearless.xcodeproj"/>
      </TestableReference>
    </Testables>
  </TestAction>
  <LaunchAction buildConfiguration="Debug" selectedLauncherIdentifier="Xcode.DebuggerFoundation.Launcher.LLDB"/> 
  <ProfileAction buildConfiguration="Release"/>
  <AnalyzeAction buildConfiguration="Debug"/>
  <ArchiveAction buildConfiguration="Release"/>
</Scheme>

